
Microsoft Visual Studio Solution File, Format Version 12.00
# Visual Studio Version 17
VisualStudioVersion = 17.0.31903.59
MinimumVisualStudioVersion = 10.0.40219.1
Project("{FAE04EC0-301F-11D3-BF4B-00C04F79EFBC}") = "LighthouseSocial.Domain", "LighthouseSocial.Domain\LighthouseSocial.Domain.csproj", "{8DD9F8BF-0CFA-4D5F-A728-8E2896DF6962}"
EndProject
Project("{FAE04EC0-301F-11D3-BF4B-00C04F79EFBC}") = "LighthouseSocial.Application", "LighthouseSocial.Application\LighthouseSocial.Application.csproj", "{633AEC8D-0E68-4D26-8E34-B87BDC2D88D0}"
EndProject
Project("{FAE04EC0-301F-11D3-BF4B-00C04F79EFBC}") = "LighthouseSocial.Infrastructure", "LighthouseSocial.Infrastructure\LighthouseSocial.Infrastructure.csproj", "{190FF96D-9FE7-4032-BCFE-1633A3C76B59}"
EndProject
Project("{FAE04EC0-301F-11D3-BF4B-00C04F79EFBC}") = "LighthouseSocial.Data", "LighthouseSocial.Data\LighthouseSocial.Data.csproj", "{960DE3A7-0614-44E4-9044-6630089AAC2A}"
EndProject
Project("{2150E333-8FDC-42A3-9474-1A3956D46DE8}") = "Test", "Test", "{0C88DD14-F956-CE84-757C-A364CCF449FC}"
EndProject
Project("{FAE04EC0-301F-11D3-BF4B-00C04F79EFBC}") = "LighthouseSocial.Integration.Tests", "Test\LighthouseSocial.Integration.Tests\LighthouseSocial.Integration.Tests.csproj", "{85C9606F-15E5-446D-8454-CD0777E6E1D2}"
EndProject
Project("{FAE04EC0-301F-11D3-BF4B-00C04F79EFBC}") = "LighthouseSocial.Tests", "Test\LighthouseSocial.Tests\LighthouseSocial.Tests.csproj", "{39F28ADB-BAF1-4D47-82A5-ACF5E591C7F4}"
EndProject
Project("{2150E333-8FDC-42A3-9474-1A3956D46DE8}") = "Clients", "Clients", "{02EA681E-C7D8-13C7-8484-4AC65E1B71E8}"
EndProject
Project("{FAE04EC0-301F-11D3-BF4B-00C04F79EFBC}") = "TerminalApp", "Clients\TerminalApp\TerminalApp.csproj", "{E15F3E4F-7881-46D2-B2B3-2D213717CFC8}"
EndProject
Project("{2150E333-8FDC-42A3-9474-1A3956D46DE8}") = "Solution Items", "Solution Items", "{8EC462FD-D22E-90A8-E5CE-7E832BA40C5D}"
	ProjectSection(SolutionItems) = preProject
		..\docker-compose.yml = ..\docker-compose.yml
		..\Project Lighthouse Social.postman_collection.json = ..\Project Lighthouse Social.postman_collection.json
		..\README.md = ..\README.md
		..\scripts.sql = ..\scripts.sql
	EndProjectSection
EndProject
Project("{FAE04EC0-301F-11D3-BF4B-00C04F79EFBC}") = "ProjectLighthouseSocial.WebApi", "ProjectLighthouseSocial.WebApi\ProjectLighthouseSocial.WebApi.csproj", "{9FC2692B-F9F5-4CA8-B9CF-616EC7AD05A4}"
EndProject
Global
	GlobalSection(SolutionConfigurationPlatforms) = preSolution
		Debug|Any CPU = Debug|Any CPU
		Debug|x64 = Debug|x64
		Debug|x86 = Debug|x86
		Release|Any CPU = Release|Any CPU
		Release|x64 = Release|x64
		Release|x86 = Release|x86
	EndGlobalSection
	GlobalSection(ProjectConfigurationPlatforms) = postSolution
		{8DD9F8BF-0CFA-4D5F-A728-8E2896DF6962}.Debug|Any CPU.ActiveCfg = Debug|Any CPU
		{8DD9F8BF-0CFA-4D5F-A728-8E2896DF6962}.Debug|Any CPU.Build.0 = Debug|Any CPU
		{8DD9F8BF-0CFA-4D5F-A728-8E2896DF6962}.Debug|x64.ActiveCfg = Debug|Any CPU
		{8DD9F8BF-0CFA-4D5F-A728-8E2896DF6962}.Debug|x64.Build.0 = Debug|Any CPU
		{8DD9F8BF-0CFA-4D5F-A728-8E2896DF6962}.Debug|x86.ActiveCfg = Debug|Any CPU
		{8DD9F8BF-0CFA-4D5F-A728-8E2896DF6962}.Debug|x86.Build.0 = Debug|Any CPU
		{8DD9F8BF-0CFA-4D5F-A728-8E2896DF6962}.Release|Any CPU.ActiveCfg = Release|Any CPU
		{8DD9F8BF-0CFA-4D5F-A728-8E2896DF6962}.Release|Any CPU.Build.0 = Release|Any CPU
		{8DD9F8BF-0CFA-4D5F-A728-8E2896DF6962}.Release|x64.ActiveCfg = Release|Any CPU
		{8DD9F8BF-0CFA-4D5F-A728-8E2896DF6962}.Release|x64.Build.0 = Release|Any CPU
		{8DD9F8BF-0CFA-4D5F-A728-8E2896DF6962}.Release|x86.ActiveCfg = Release|Any CPU
		{8DD9F8BF-0CFA-4D5F-A728-8E2896DF6962}.Release|x86.Build.0 = Release|Any CPU
		{633AEC8D-0E68-4D26-8E34-B87BDC2D88D0}.Debug|Any CPU.ActiveCfg = Debug|Any CPU
		{633AEC8D-0E68-4D26-8E34-B87BDC2D88D0}.Debug|Any CPU.Build.0 = Debug|Any CPU
		{633AEC8D-0E68-4D26-8E34-B87BDC2D88D0}.Debug|x64.ActiveCfg = Debug|Any CPU
		{633AEC8D-0E68-4D26-8E34-B87BDC2D88D0}.Debug|x64.Build.0 = Debug|Any CPU
		{633AEC8D-0E68-4D26-8E34-B87BDC2D88D0}.Debug|x86.ActiveCfg = Debug|Any CPU
		{633AEC8D-0E68-4D26-8E34-B87BDC2D88D0}.Debug|x86.Build.0 = Debug|Any CPU
		{633AEC8D-0E68-4D26-8E34-B87BDC2D88D0}.Release|Any CPU.ActiveCfg = Release|Any CPU
		{633AEC8D-0E68-4D26-8E34-B87BDC2D88D0}.Release|Any CPU.Build.0 = Release|Any CPU
		{633AEC8D-0E68-4D26-8E34-B87BDC2D88D0}.Release|x64.ActiveCfg = Release|Any CPU
		{633AEC8D-0E68-4D26-8E34-B87BDC2D88D0}.Release|x64.Build.0 = Release|Any CPU
		{633AEC8D-0E68-4D26-8E34-B87BDC2D88D0}.Release|x86.ActiveCfg = Release|Any CPU
		{633AEC8D-0E68-4D26-8E34-B87BDC2D88D0}.Release|x86.Build.0 = Release|Any CPU
		{190FF96D-9FE7-4032-BCFE-1633A3C76B59}.Debug|Any CPU.ActiveCfg = Debug|Any CPU
		{190FF96D-9FE7-4032-BCFE-1633A3C76B59}.Debug|Any CPU.Build.0 = Debug|Any CPU
		{190FF96D-9FE7-4032-BCFE-1633A3C76B59}.Debug|x64.ActiveCfg = Debug|Any CPU
		{190FF96D-9FE7-4032-BCFE-1633A3C76B59}.Debug|x64.Build.0 = Debug|Any CPU
		{190FF96D-9FE7-4032-BCFE-1633A3C76B59}.Debug|x86.ActiveCfg = Debug|Any CPU
		{190FF96D-9FE7-4032-BCFE-1633A3C76B59}.Debug|x86.Build.0 = Debug|Any CPU
		{190FF96D-9FE7-4032-BCFE-1633A3C76B59}.Release|Any CPU.ActiveCfg = Release|Any CPU
		{190FF96D-9FE7-4032-BCFE-1633A3C76B59}.Release|Any CPU.Build.0 = Release|Any CPU
		{190FF96D-9FE7-4032-BCFE-1633A3C76B59}.Release|x64.ActiveCfg = Release|Any CPU
		{190FF96D-9FE7-4032-BCFE-1633A3C76B59}.Release|x64.Build.0 = Release|Any CPU
		{190FF96D-9FE7-4032-BCFE-1633A3C76B59}.Release|x86.ActiveCfg = Release|Any CPU
		{190FF96D-9FE7-4032-BCFE-1633A3C76B59}.Release|x86.Build.0 = Release|Any CPU
		{960DE3A7-0614-44E4-9044-6630089AAC2A}.Debug|Any CPU.ActiveCfg = Debug|Any CPU
		{960DE3A7-0614-44E4-9044-6630089AAC2A}.Debug|Any CPU.Build.0 = Debug|Any CPU
		{960DE3A7-0614-44E4-9044-6630089AAC2A}.Debug|x64.ActiveCfg = Debug|Any CPU
		{960DE3A7-0614-44E4-9044-6630089AAC2A}.Debug|x64.Build.0 = Debug|Any CPU
		{960DE3A7-0614-44E4-9044-6630089AAC2A}.Debug|x86.ActiveCfg = Debug|Any CPU
		{960DE3A7-0614-44E4-9044-6630089AAC2A}.Debug|x86.Build.0 = Debug|Any CPU
		{960DE3A7-0614-44E4-9044-6630089AAC2A}.Release|Any CPU.ActiveCfg = Release|Any CPU
		{960DE3A7-0614-44E4-9044-6630089AAC2A}.Release|Any CPU.Build.0 = Release|Any CPU
		{960DE3A7-0614-44E4-9044-6630089AAC2A}.Release|x64.ActiveCfg = Release|Any CPU
		{960DE3A7-0614-44E4-9044-6630089AAC2A}.Release|x64.Build.0 = Release|Any CPU
		{960DE3A7-0614-44E4-9044-6630089AAC2A}.Release|x86.ActiveCfg = Release|Any CPU
		{960DE3A7-0614-44E4-9044-6630089AAC2A}.Release|x86.Build.0 = Release|Any CPU
		{85C9606F-15E5-446D-8454-CD0777E6E1D2}.Debug|Any CPU.ActiveCfg = Debug|Any CPU
		{85C9606F-15E5-446D-8454-CD0777E6E1D2}.Debug|Any CPU.Build.0 = Debug|Any CPU
		{85C9606F-15E5-446D-8454-CD0777E6E1D2}.Debug|x64.ActiveCfg = Debug|Any CPU
		{85C9606F-15E5-446D-8454-CD0777E6E1D2}.Debug|x64.Build.0 = Debug|Any CPU
		{85C9606F-15E5-446D-8454-CD0777E6E1D2}.Debug|x86.ActiveCfg = Debug|Any CPU
		{85C9606F-15E5-446D-8454-CD0777E6E1D2}.Debug|x86.Build.0 = Debug|Any CPU
		{85C9606F-15E5-446D-8454-CD0777E6E1D2}.Release|Any CPU.ActiveCfg = Release|Any CPU
		{85C9606F-15E5-446D-8454-CD0777E6E1D2}.Release|Any CPU.Build.0 = Release|Any CPU
		{85C9606F-15E5-446D-8454-CD0777E6E1D2}.Release|x64.ActiveCfg = Release|Any CPU
		{85C9606F-15E5-446D-8454-CD0777E6E1D2}.Release|x64.Build.0 = Release|Any CPU
		{85C9606F-15E5-446D-8454-CD0777E6E1D2}.Release|x86.ActiveCfg = Release|Any CPU
		{85C9606F-15E5-446D-8454-CD0777E6E1D2}.Release|x86.Build.0 = Release|Any CPU
		{39F28ADB-BAF1-4D47-82A5-ACF5E591C7F4}.Debug|Any CPU.ActiveCfg = Debug|Any CPU
		{39F28ADB-BAF1-4D47-82A5-ACF5E591C7F4}.Debug|Any CPU.Build.0 = Debug|Any CPU
		{39F28ADB-BAF1-4D47-82A5-ACF5E591C7F4}.Debug|x64.ActiveCfg = Debug|Any CPU
		{39F28ADB-BAF1-4D47-82A5-ACF5E591C7F4}.Debug|x64.Build.0 = Debug|Any CPU
		{39F28ADB-BAF1-4D47-82A5-ACF5E591C7F4}.Debug|x86.ActiveCfg = Debug|Any CPU
		{39F28ADB-BAF1-4D47-82A5-ACF5E591C7F4}.Debug|x86.Build.0 = Debug|Any CPU
		{39F28ADB-BAF1-4D47-82A5-ACF5E591C7F4}.Release|Any CPU.ActiveCfg = Release|Any CPU
		{39F28ADB-BAF1-4D47-82A5-ACF5E591C7F4}.Release|Any CPU.Build.0 = Release|Any CPU
		{39F28ADB-BAF1-4D47-82A5-ACF5E591C7F4}.Release|x64.ActiveCfg = Release|Any CPU
		{39F28ADB-BAF1-4D47-82A5-ACF5E591C7F4}.Release|x64.Build.0 = Release|Any CPU
		{39F28ADB-BAF1-4D47-82A5-ACF5E591C7F4}.Release|x86.ActiveCfg = Release|Any CPU
		{39F28ADB-BAF1-4D47-82A5-ACF5E591C7F4}.Release|x86.Build.0 = Release|Any CPU
		{E15F3E4F-7881-46D2-B2B3-2D213717CFC8}.Debug|Any CPU.ActiveCfg = Debug|Any CPU
		{E15F3E4F-7881-46D2-B2B3-2D213717CFC8}.Debug|Any CPU.Build.0 = Debug|Any CPU
		{E15F3E4F-7881-46D2-B2B3-2D213717CFC8}.Debug|x64.ActiveCfg = Debug|Any CPU
		{E15F3E4F-7881-46D2-B2B3-2D213717CFC8}.Debug|x64.Build.0 = Debug|Any CPU
		{E15F3E4F-7881-46D2-B2B3-2D213717CFC8}.Debug|x86.ActiveCfg = Debug|Any CPU
		{E15F3E4F-7881-46D2-B2B3-2D213717CFC8}.Debug|x86.Build.0 = Debug|Any CPU
		{E15F3E4F-7881-46D2-B2B3-2D213717CFC8}.Release|Any CPU.ActiveCfg = Release|Any CPU
		{E15F3E4F-7881-46D2-B2B3-2D213717CFC8}.Release|Any CPU.Build.0 = Release|Any CPU
		{E15F3E4F-7881-46D2-B2B3-2D213717CFC8}.Release|x64.ActiveCfg = Release|Any CPU
		{E15F3E4F-7881-46D2-B2B3-2D213717CFC8}.Release|x64.Build.0 = Release|Any CPU
		{E15F3E4F-7881-46D2-B2B3-2D213717CFC8}.Release|x86.ActiveCfg = Release|Any CPU
		{E15F3E4F-7881-46D2-B2B3-2D213717CFC8}.Release|x86.Build.0 = Release|Any CPU
		{9FC2692B-F9F5-4CA8-B9CF-616EC7AD05A4}.Debug|Any CPU.ActiveCfg = Debug|Any CPU
		{9FC2692B-F9F5-4CA8-B9CF-616EC7AD05A4}.Debug|Any CPU.Build.0 = Debug|Any CPU
		{9FC2692B-F9F5-4CA8-B9CF-616EC7AD05A4}.Debug|x64.ActiveCfg = Debug|Any CPU
		{9FC2692B-F9F5-4CA8-B9CF-616EC7AD05A4}.Debug|x64.Build.0 = Debug|Any CPU
		{9FC2692B-F9F5-4CA8-B9CF-616EC7AD05A4}.Debug|x86.ActiveCfg = Debug|Any CPU
		{9FC2692B-F9F5-4CA8-B9CF-616EC7AD05A4}.Debug|x86.Build.0 = Debug|Any CPU
		{9FC2692B-F9F5-4CA8-B9CF-616EC7AD05A4}.Release|Any CPU.ActiveCfg = Release|Any CPU
		{9FC2692B-F9F5-4CA8-B9CF-616EC7AD05A4}.Release|Any CPU.Build.0 = Release|Any CPU
		{9FC2692B-F9F5-4CA8-B9CF-616EC7AD05A4}.Release|x64.ActiveCfg = Release|Any CPU
		{9FC2692B-F9F5-4CA8-B9CF-616EC7AD05A4}.Release|x64.Build.0 = Release|Any CPU
		{9FC2692B-F9F5-4CA8-B9CF-616EC7AD05A4}.Release|x86.ActiveCfg = Release|Any CPU
		{9FC2692B-F9F5-4CA8-B9CF-616EC7AD05A4}.Release|x86.Build.0 = Release|Any CPU
	EndGlobalSection
	GlobalSection(SolutionProperties) = preSolution
		HideSolutionNode = FALSE
	EndGlobalSection
	GlobalSection(NestedProjects) = preSolution
		{85C9606F-15E5-446D-8454-CD0777E6E1D2} = {0C88DD14-F956-CE84-757C-A364CCF449FC}
		{39F28ADB-BAF1-4D47-82A5-ACF5E591C7F4} = {0C88DD14-F956-CE84-757C-A364CCF449FC}
		{E15F3E4F-7881-46D2-B2B3-2D213717CFC8} = {02EA681E-C7D8-13C7-8484-4AC65E1B71E8}
	EndGlobalSection
	GlobalSection(ExtensibilityGlobals) = postSolution
		SolutionGuid = {51BF35ED-B3CD-48CF-9FE9-1CBF5F581687}
	EndGlobalSection
EndGlobal
